
Microsoft Visual Studio Solution File, Format Version 12.00
# Visual Studio Version 16
VisualStudioVersion = 16.0.31911.196
MinimumVisualStudioVersion = 10.0.40219.1
Project("{8BC9CEB8-8B4A-11D0-8D11-00A0C91BC942}") = "Struct(XY)", "Struct(XY)\Struct(XY).vcxproj", "{76BAF8D3-010A-4C3A-B8BE-B83D449B9B5F}"
EndProject
Global
	GlobalSection(SolutionConfigurationPlatforms) = preSolution
		Debug|x64 = Debug|x64
		Debug|x86 = Debug|x86
		Release|x64 = Release|x64
		Release|x86 = Release|x86
	EndGlobalSection
	GlobalSection(ProjectConfigurationPlatforms) = postSolution
		{76BAF8D3-010A-4C3A-B8BE-B83D449B9B5F}.Debug|x64.ActiveCfg = Debug|x64
		{76BAF8D3-010A-4C3A-B8BE-B83D449B9B5F}.Debug|x64.Build.0 = Debug|x64
		{76BAF8D3-010A-4C3A-B8BE-B83D449B9B5F}.Debug|x86.ActiveCfg = Debug|Win32
		{76BAF8D3-010A-4C3A-B8BE-B83D449B9B5F}.Debug|x86.Build.0 = Debug|Win32
		{76BAF8D3-010A-4C3A-B8BE-B83D449B9B5F}.Release|x64.ActiveCfg = Release|x64
		{76BAF8D3-010A-4C3A-B8BE-B83D449B9B5F}.Release|x64.Build.0 = Release|x64
		{76BAF8D3-010A-4C3A-B8BE-B83D449B9B5F}.Release|x86.ActiveCfg = Release|Win32
		{76BAF8D3-010A-4C3A-B8BE-B83D449B9B5F}.Release|x86.Build.0 = Release|Win32
	EndGlobalSection
	GlobalSection(SolutionProperties) = preSolution
		HideSolutionNode = FALSE
	EndGlobalSection
	GlobalSection(ExtensibilityGlobals) = postSolution
		SolutionGuid = {42DCABC0-97BE-4FA1-93FA-7FAC07416A89}
	EndGlobalSection
EndGlobal
